{
  "requires": true,
  "lockfileVersion": 1,
  "dependencies": {
    "tslint-config-prettier": {
      "version": "1.18.0",
      "resolved": "https://registry.npmjs.org/tslint-config-prettier/-/tslint-config-prettier-1.18.0.tgz",
      "integrity": "sha512-xPw9PgNPLG3iKRxmK7DWr+Ea/SzrvfHtjFt5LBl61gk2UBG/DB9kCXRjv+xyIU1rUtnayLeMUVJBcMX8Z17nDg=="
    }
  }
}
